
Microsoft Visual Studio Solution File, Format Version 12.00
# Visual Studio Version 16
VisualStudioVersion = 16.0.30804.86
MinimumVisualStudioVersion = 10.0.40219.1
Project("{FAE04EC0-301F-11D3-BF4B-00C04F79EFBC}") = "RazorPagesMovie", "RazorPagesMovie.csproj", "{B5E45BB0-664A-48FE-85E9-3EAFA57510B3}"
EndProject
Global
	GlobalSection(SolutionConfigurationPlatforms) = preSolution
		Debug|Any CPU = Debug|Any CPU
		Release|Any CPU = Release|Any CPU
	EndGlobalSection
	GlobalSection(ProjectConfigurationPlatforms) = postSolution
		{B5E45BB0-664A-48FE-85E9-3EAFA57510B3}.Debug|Any CPU.ActiveCfg = Debug|Any CPU
		{B5E45BB0-664A-48FE-85E9-3EAFA57510B3}.Debug|Any CPU.Build.0 = Debug|Any CPU
		{B5E45BB0-664A-48FE-85E9-3EAFA57510B3}.Release|Any CPU.ActiveCfg = Release|Any CPU
		{B5E45BB0-664A-48FE-85E9-3EAFA57510B3}.Release|Any CPU.Build.0 = Release|Any CPU
	EndGlobalSection
	GlobalSection(SolutionProperties) = preSolution
		HideSolutionNode = FALSE
	EndGlobalSection
	GlobalSection(ExtensibilityGlobals) = postSolution
		SolutionGuid = {102BACB3-9348-4638-B286-1711D796AD21}
	EndGlobalSection
EndGlobal
